// !$*UTF8*$!
{
	archiveVersion = 1;
	classes = {
	};
	objectVersion = 46;
	objects = {

/* Begin PBXBuildFile section */
		BBD6BEE81E2D7A5E00C9942A /* AppDelegate.swift in Sources */ = {isa = PBXBuildFile; fileRef = BBD6BEE71E2D7A5E00C9942A /* AppDelegate.swift */; };
		BBD6BEEA1E2D7A5E00C9942A /* ViewController.swift in Sources */ = {isa = PBXBuildFile; fileRef = BBD6BEE91E2D7A5E00C9942A /* ViewController.swift */; };
		BBD6BEED1E2D7A5E00C9942A /* Main.storyboard in Resources */ = {isa = PBXBuildFile; fileRef = BBD6BEEB1E2D7A5E00C9942A /* Main.storyboard */; };
		BBD6BEEF1E2D7A5E00C9942A /* Assets.xcassets in Resources */ = {isa = PBXBuildFile; fileRef = BBD6BEEE1E2D7A5E00C9942A /* Assets.xcassets */; };
		BBD6BEF21E2D7A5E00C9942A /* LaunchScreen.storyboard in Resources */ = {isa = PBXBuildFile; fileRef = BBD6BEF01E2D7A5E00C9942A /* LaunchScreen.storyboard */; };
/* End PBXBuildFile section */

/* Begin PBXFileReference section */
		BBD6BEE41E2D7A5E00C9942A /* Personal Information.app */ = {isa = PBXFileReference; explicitFileType = wrapper.application; includeInIndex = 0; path = "Personal Information.app"; sourceTree = BUILT_PRODUCTS_DIR; };
		BBD6BEE71E2D7A5E00C9942A /* AppDelegate.swift */ = {isa = PBXFileReference; lastKnownFileType = sourcecode.swift; path = AppDelegate.swift; sourceTree = "<group>"; };
		BBD6BEE91E2D7A5E00C9942A /* ViewController.swift */ = {isa = PBXFileReference; lastKnownFileType = sourcecode.swift; path = ViewController.swift; sourceTree = "<group>"; };
		BBD6BEEC1E2D7A5E00C9942A /* Base */ = {isa = PBXFileReference; lastKnownFileType = file.storyboard; name = Base; path = Base.lproj/Main.storyboard; sourceTree = "<group>"; };
		BBD6BEEE1E2D7A5E00C9942A /* Assets.xcassets */ = {isa = PBXFileReference; lastKnownFileType = folder.assetcatalog; path = Assets.xcassets; sourceTree = "<group>"; };
		BBD6BEF11E2D7A5E00C9942A /* Base */ = {isa = PBXFileReference; lastKnownFileType = file.storyboard; name = Base; path = Base.lproj/LaunchScreen.storyboard; sourceTree = "<group>"; };
		BBD6BEF31E2D7A5E00C9942A /* Info.plist */ = {isa = PBXFileReference; lastKnownFileType = text.plist.xml; path = Info.plist; sourceTree = "<group>"; };
/* End PBXFileReference section */

/* Begin PBXFrameworksBuildPhase section */
		BBD6BEE11E2D7A5E00C9942A /* Frameworks */ = {
			isa = PBXFrameworksBuildPhase;
			buildActionMask = 2147483647;
			files = (
			);
			runOnlyForDeploymentPostprocessing = 0;
		};
/* End PBXFrameworksBuildPhase section */

/* Begin PBXGroup section */
		BBD6BEDB1E2D7A5E00C9942A = {
			isa = PBXGroup;
			children = (
				BBD6BEE61E2D7A5E00C9942A /* Personal Information */,
				BBD6BEE51E2D7A5E00C9942A /* Products */,
			);
			sourceTree = "<group>";
		};
		BBD6BEE51E2D7A5E00C9942A /* Products */ = {
			isa = PBXGroup;
			children = (
				BBD6BEE41E2D7A5E00C9942A /* Personal Information.app */,
			);
			name = Products;
			sourceTree = "<group>";
		};
		BBD6BEE61E2D7A5E00C9942A /* Personal Information */ = {
			isa = PBXGroup;
			children = (
				BBD6BEE71E2D7A5E00C9942A /* AppDelegate.swift */,
				BBD6BEE91E2D7A5E00C9942A /* ViewController.swift */,
				BBD6BEEB1E2D7A5E00C9942A /* Main.storyboard */,
				BBD6BEEE1E2D7A5E00C9942A /* Assets.xcassets */,
				BBD6BEF01E2D7A5E00C9942A /* LaunchScreen.storyboard */,
				BBD6BEF31E2D7A5E00C9942A /* Info.plist */,
			);
			path = "Personal Information";
			sourceTree = "<group>";
		};
/* End PBXGroup section */

/* Begin PBXNativeTarget section */
		BBD6BEE31E2D7A5E00C9942A /* Personal Information */ = {
			isa = PBXNativeTarget;
			buildConfigurationList = BBD6BEF61E2D7A5E00C9942A /* Build configuration list for PBXNativeTarget "Personal Information" */;
			buildPhases = (
				BBD6BEE01E2D7A5E00C9942A /* Sources */,
				BBD6BEE11E2D7A5E00C9942A /* Frameworks */,
				BBD6BEE21E2D7A5E00C9942A /* Resources */,
			);
			buildRules = (
			);
			dependencies = (
			);
			name = "Personal Information";
			productName = "Personal Information";
			productReference = BBD6BEE41E2D7A5E00C9942A /* Personal Information.app */;
			productType = "com.apple.product-type.application";
		};
/* End PBXNativeTarget section */

/* Begin PBXProject section */
		BBD6BEDC1E2D7A5E00C9942A /* Project object */ = {
			isa = PBXProject;
			attributes = {
				LastSwiftUpdateCheck = 0820;
				LastUpgradeCheck = 0820;
				ORGANIZATIONNAME = "Boyko Avramov";
				TargetAttributes = {
					BBD6BEE31E2D7A5E00C9942A = {
						CreatedOnToolsVersion = 8.2.1;
						DevelopmentTeam = A633EH6H26;
						ProvisioningStyle = Automatic;
					};
				};
			};
			buildConfigurationList = BBD6BEDF1E2D7A5E00C9942A /* Build configuration list for PBXProject "Personal Information" */;
			compatibilityVersion = "Xcode 3.2";
			developmentRegion = English;
			hasScannedForEncodings = 0;
			knownRegions = (
				en,
				Base,
			);
			mainGroup = BBD6BEDB1E2D7A5E00C9942A;
			productRefGroup = BBD6BEE51E2D7A5E00C9942A /* Products */;
			projectDirPath = "";
			projectRoot = "";
			targets = (
				BBD6BEE31E2D7A5E00C9942A /* Personal Information */,
			);
		};
/* End PBXProject section */

/* Begin PBXResourcesBuildPhase section */
		BBD6BEE21E2D7A5E00C9942A /* Resources */ = {
			isa = PBXResourcesBuildPhase;
			buildActionMask = 2147483647;
			files = (
				BBD6BEF21E2D7A5E00C9942A /* LaunchScreen.storyboard in Resources */,
				BBD6BEEF1E2D7A5E00C9942A /* Assets.xcassets in Resources */,
				BBD6BEED1E2D7A5E00C9942A /* Main.storyboard in Resources */,
			);
			runOnlyForDeploymentPostprocessing = 0;
		};
/* End PBXResourcesBuildPhase section */

/* Begin PBXSourcesBuildPhase section */
		BBD6BEE01E2D7A5E00C9942A /* Sources */ = {
			isa = PBXSourcesBuildPhase;
			buildActionMask = 2147483647;
			files = (
				BBD6BEEA1E2D7A5E00C9942A /* ViewController.swift in Sources */,
				BBD6BEE81E2D7A5E00C9942A /* AppDelegate.swift in Sources */,
			);
			runOnlyForDeploymentPostprocessing = 0;
		};
/* End PBXSourcesBuildPhase section */

/* Begin PBXVariantGroup section */
		BBD6BEEB1E2D7A5E00C9942A /* Main.storyboard */ = {
			isa = PBXVariantGroup;
			children = (
				BBD6BEEC1E2D7A5E00C9942A /* Base */,
			);
			name = Main.storyboard;
			sourceTree = "<group>";
		};
		BBD6BEF01E2D7A5E00C9942A /* LaunchScreen.storyboard */ = {
			isa = PBXVariantGroup;
			children = (
				BBD6BEF11E2D7A5E00C9942A /* Base */,
			);
			name = LaunchScreen.storyboard;
			sourceTree = "<group>";
		};
/* End PBXVariantGroup section */

/* Begin XCBuildConfiguration section */
		BBD6BEF41E2D7A5E00C9942A /* Debug */ = {
			isa = XCBuildConfiguration;
			buildSettings = {
				ALWAYS_SEARCH_USER_PATHS = NO;
				CLANG_ANALYZER_NONNULL = YES;
				CLANG_CXX_LANGUAGE_STANDARD = "gnu++0x";
				CLANG_CXX_LIBRARY = "libc++";
				CLANG_ENABLE_MODULES = YES;
				CLANG_ENABLE_OBJC_ARC = YES;
				CLANG_WARN_BOOL_CONVERSION = YES;
				CLANG_WARN_CONSTANT_CONVERSION = YES;
				CLANG_WARN_DIRECT_OBJC_ISA_USAGE = YES_ERROR;
				CLANG_WARN_DOCUMENTATION_COMMENTS = YES;
				CLANG_WARN_EMPTY_BODY = YES;
				CLANG_WARN_ENUM_CONVERSION = YES;
				CLANG_WARN_INFINITE_RECURSION = YES;
				CLANG_WARN_INT_CONVERSION = YES;
				CLANG_WARN_OBJC_ROOT_CLASS = YES_ERROR;
				CLANG_WARN_SUSPICIOUS_MOVE = YES;
				CLANG_WARN_UNREACHABLE_CODE = YES;
				CLANG_WARN__DUPLICATE_METHOD_MATCH = YES;
				"CODE_SIGN_IDENTITY[sdk=iphoneos*]" = "iPhone Developer";
				COPY_PHASE_STRIP = NO;
				DEBUG_INFORMATION_FORMAT = dwarf;
				ENABLE_STRICT_OBJC_MSGSEND = YES;
				ENABLE_TESTABILITY = YES;
				GCC_C_LANGUAGE_STANDARD = gnu99;
				GCC_DYNAMIC_NO_PIC = NO;
				GCC_NO_COMMON_BLOCKS = YES;
				GCC_OPTIMIZATION_LEVEL = 0;
				GCC_PREPROCESSOR_DEFINITIONS = (
					"DEBUG=1",
					"$(inherited)",
				);
				GCC_WARN_64_TO_32_BIT_CONVERSION = YES;
				GCC_WARN_ABOUT_RETURN_TYPE = YES_ERROR;
				GCC_WARN_UNDECLARED_SELECTOR = YES;
				GCC_WARN_UNINITIALIZED_AUTOS = YES_AGGRESSIVE;
				GCC_WARN_UNUSED_FUNCTION = YES;
				GCC_WARN_UNUSED_VARIABLE = YES;
				IPHONEOS_DEPLOYMENT_TARGET = 10.2;
				MTL_ENABLE_DEBUG_INFO = YES;
				ONLY_ACTIVE_ARCH = YES;
				SDKROOT = iphoneos;
				SWIFT_ACTIVE_COMPILATION_CONDITIONS = DEBUG;
				SWIFT_OPTIMIZATION_LEVEL = "-Onone";
				TARGETED_DEVICE_FAMILY = "1,2";
			};
			name = Debug;
		};
		BBD6BEF51E2D7A5E00C9942A /* Release */ = {
			isa = XCBuildConfiguration;
			buildSettings = {
				ALWAYS_SEARCH_USER_PATHS = NO;
				CLANG_ANALYZER_NONNULL = YES;
				CLANG_CXX_LANGUAGE_STANDARD = "gnu++0x";
				CLANG_CXX_LIBRARY = "libc++";
				CLANG_ENABLE_MODULES = YES;
				CLANG_ENABLE_OBJC_ARC = YES;
				CLANG_WARN_BOOL_CONVERSION = YES;
				CLANG_WARN_CONSTANT_CONVERSION = YES;
				CLANG_WARN_DIRECT_OBJC_ISA_USAGE = YES_ERROR;
				CLANG_WARN_DOCUMENTATION_COMMENTS = YES;
				CLANG_WARN_EMPTY_BODY = YES;
				CLANG_WARN_ENUM_CONVERSION = YES;
				CLANG_WARN_INFINITE_RECURSION = YES;
				CLANG_WARN_INT_CONVERSION = YES;
				CLANG_WARN_OBJC_ROOT_CLASS = YES_ERROR;
				CLANG_WARN_SUSPICIOUS_MOVE = YES;
				CLANG_WARN_UNREACHABLE_CODE = YES;
				CLANG_WARN__DUPLICATE_METHOD_MATCH = YES;
				"CODE_SIGN_IDENTITY[sdk=iphoneos*]" = "iPhone Developer";
				COPY_PHASE_STRIP = NO;
				DEBUG_INFORMATION_FORMAT = "dwarf-with-dsym";
				ENABLE_NS_ASSERTIONS = NO;
				ENABLE_STRICT_OBJC_MSGSEND = YES;
				GCC_C_LANGUAGE_STANDARD = gnu99;
				GCC_NO_COMMON_BLOCKS = YES;
				GCC_WARN_64_TO_32_BIT_CONVERSION = YES;
				GCC_WARN_ABOUT_RETURN_TYPE = YES_ERROR;
				GCC_WARN_UNDECLARED_SELECTOR = YES;
				GCC_WARN_UNINITIALIZED_AUTOS = YES_AGGRESSIVE;
				GCC_WARN_UNUSED_FUNCTION = YES;
				GCC_WARN_UNUSED_VARIABLE = YES;
				IPHONEOS_DEPLOYMENT_TARGET = 10.2;
				MTL_ENABLE_DEBUG_INFO = NO;
				SDKROOT = iphoneos;
				SWIFT_OPTIMIZATION_LEVEL = "-Owholemodule";
				TARGETED_DEVICE_FAMILY = "1,2";
				VALIDATE_PRODUCT = YES;
			};
			name = Release;
		};
		BBD6BEF71E2D7A5E00C9942A /* Debug */ = {
			isa = XCBuildConfiguration;
			buildSettings = {
				ASSETCATALOG_COMPILER_APPICON_NAME = AppIcon;
				DEVELOPMENT_TEAM = A633EH6H26;
				INFOPLIST_FILE = "Personal Information/Info.plist";
				LD_RUNPATH_SEARCH_PATHS = "$(inherited) @executable_path/Frameworks";
				PRODUCT_BUNDLE_IDENTIFIER = "com.boyko.Personal-Information";
				PRODUCT_NAME = "$(TARGET_NAME)";
				SWIFT_VERSION = 3.0;
			};
			name = Debug;
		};
		BBD6BEF81E2D7A5E00C9942A /* Release */ = {
			isa = XCBuildConfiguration;
			buildSettings = {
				ASSETCATALOG_COMPILER_APPICON_NAME = AppIcon;
				DEVELOPMENT_TEAM = A633EH6H26;
				INFOPLIST_FILE = "Personal Information/Info.plist";
				LD_RUNPATH_SEARCH_PATHS = "$(inherited) @executable_path/Frameworks";
				PRODUCT_BUNDLE_IDENTIFIER = "com.boyko.Personal-Information";
				PRODUCT_NAME = "$(TARGET_NAME)";
				SWIFT_VERSION = 3.0;
			};
			name = Release;
		};
/* End XCBuildConfiguration section */

/* Begin XCConfigurationList section */
		BBD6BEDF1E2D7A5E00C9942A /* Build configuration list for PBXProject "Personal Information" */ = {
			isa = XCConfigurationList;
			buildConfigurations = (
				BBD6BEF41E2D7A5E00C9942A /* Debug */,
				BBD6BEF51E2D7A5E00C9942A /* Release */,
			);
			defaultConfigurationIsVisible = 0;
			defaultConfigurationName = Release;
		};
		BBD6BEF61E2D7A5E00C9942A /* Build configuration list for PBXNativeTarget "Personal Information" */ = {
			isa = XCConfigurationList;
			buildConfigurations = (
				BBD6BEF71E2D7A5E00C9942A /* Debug */,
				BBD6BEF81E2D7A5E00C9942A /* Release */,
			);
			defaultConfigurationIsVisible = 0;
		};
/* End XCConfigurationList section */
	};
	rootObject = BBD6BEDC1E2D7A5E00C9942A /* Project object */;
}
